lockVersion: 2.0.0
id: 1e4e30c6-3522-4196-a8ff-f5dbb0c1bcfe
management:
  docChecksum: 4ffd4942026558444f933f9c092631c9
  docVersion: 3.0.1
  speakeasyVersion: internal
  generationVersion: 2.272.4
  releaseVersion: 0.5.3
  configChecksum: 0c6723c0fbd0a2692e876f61472dd8af
  repoURL: https://github.com/speakeasy-sdks/XwangTestTypeScript.git
  repoSubDirectory: .
  installationURL: https://github.com/speakeasy-sdks/XwangTestTypeScript
features:
  typescript:
    core: 3.4.8
    globalSecurity: 2.82.3
    globalServerURLs: 2.82.1
    groups: 2.81.2
    ignores: 2.81.1
    inputOutputModels: 2.83.0
    methodSecurity: 2.82.0
    nameOverrides: 2.81.1
generatedFiles:
  - src/sdk/account.ts
  - src/sdk/guest.ts
  - src/sdk/loggedin.ts
  - src/sdk/payments.ts
  - src/sdk/oauth.ts
  - src/sdk/testing.ts
  - src/sdk/sdk.ts
  - .eslintrc.yml
  - jest.config.js
  - package-lock.json
  - package.json
  - src/index.ts
  - src/internal/utils/contenttype.ts
  - src/internal/utils/headers.ts
  - src/internal/utils/index.ts
  - src/internal/utils/pathparams.ts
  - src/internal/utils/queryparams.ts
  - src/internal/utils/requestbody.ts
  - src/internal/utils/retries.ts
  - src/internal/utils/security.ts
  - src/internal/utils/utils.ts
  - src/sdk/index.ts
  - src/sdk/models/errors/sdkerror.ts
  - src/sdk/types/index.ts
  - src/sdk/types/rfcdate.ts
  - tsconfig.json
  - src/sdk/models/operations/accountaddresscreate.ts
  - src/sdk/models/operations/accountaddpaymentmethod.ts
  - src/sdk/models/operations/accountaddressdelete.ts
  - src/sdk/models/operations/accountpaymentmethoddelete.ts
  - src/sdk/models/operations/accountexists.ts
  - src/sdk/models/operations/accountget.ts
  - src/sdk/models/operations/accountaddressedit.ts
  - src/sdk/models/operations/guestpaymentsinitialize.ts
  - src/sdk/models/operations/guestpaymentsaction.ts
  - src/sdk/models/operations/guestpaymentsupdate.ts
  - src/sdk/models/operations/paymentsinitialize.ts
  - src/sdk/models/operations/paymentsaction.ts
  - src/sdk/models/operations/paymentsupdate.ts
  - src/sdk/models/operations/oauthgettoken.ts
  - src/sdk/models/operations/testingaccountcreate.ts
  - src/sdk/models/operations/testingcreditcardget.ts
  - src/sdk/models/shared/addresslisting.ts
  - src/sdk/models/shared/identifier.ts
  - src/sdk/models/shared/account.ts
  - src/sdk/models/shared/profile.ts
  - src/sdk/models/shared/guestpaymentinitializerequest.ts
  - src/sdk/models/shared/profilecreationdata.ts
  - src/sdk/models/shared/cart.ts
  - src/sdk/models/shared/amount.ts
  - src/sdk/models/shared/cartshipment.ts
  - src/sdk/models/shared/cartitem.ts
  - src/sdk/models/shared/cartdiscount.ts
  - src/sdk/models/shared/paymentactionrequest.ts
  - src/sdk/models/shared/paymentupdaterequest.ts
  - src/sdk/models/shared/paymentinitializerequest.ts
  - src/sdk/models/shared/getaccesstokenresponse.ts
  - src/sdk/models/shared/getaccesstokenrequest.ts
  - src/sdk/models/shared/accounttestcreationdataoutput.ts
  - src/sdk/models/shared/testcreditcard.ts
  - src/sdk/models/shared/security.ts
  - src/sdk/models/errors/error.ts
  - src/sdk/models/errors/index.ts
  - src/sdk/models/operations/index.ts
  - src/sdk/models/shared/index.ts
  - docs/sdk/models/operations/accountaddresscreaterequest.md
  - docs/sdk/models/operations/accountaddresscreateresponse.md
  - docs/sdk/models/operations/accountaddpaymentmethodrequest.md
  - docs/sdk/models/operations/accountaddpaymentmethodresponse.md
  - docs/sdk/models/operations/accountaddressdeleterequest.md
  - docs/sdk/models/operations/accountaddressdeleteresponse.md
  - docs/sdk/models/operations/accountpaymentmethoddeleterequest.md
  - docs/sdk/models/operations/accountpaymentmethoddeleteresponse.md
  - docs/sdk/models/operations/accountexistsrequest.md
  - docs/sdk/models/operations/accountexistsresponse.md
  - docs/sdk/models/operations/accountgetrequest.md
  - docs/sdk/models/operations/accountgetresponse.md
  - docs/sdk/models/operations/accountaddresseditrequest.md
  - docs/sdk/models/operations/accountaddresseditresponse.md
  - docs/sdk/models/operations/guestpaymentsinitializesecurity.md
  - docs/sdk/models/operations/guestpaymentsinitializerequest.md
  - docs/sdk/models/operations/guestpaymentsinitializeresponse.md
  - docs/sdk/models/operations/guestpaymentsactionsecurity.md
  - docs/sdk/models/operations/guestpaymentsactionrequest.md
  - docs/sdk/models/operations/guestpaymentsactionresponse.md
  - docs/sdk/models/operations/guestpaymentsupdatesecurity.md
  - docs/sdk/models/operations/guestpaymentsupdaterequest.md
  - docs/sdk/models/operations/guestpaymentsupdateresponse.md
  - docs/sdk/models/operations/paymentsinitializerequest.md
  - docs/sdk/models/operations/paymentsinitializeresponse.md
  - docs/sdk/models/operations/paymentsactionrequest.md
  - docs/sdk/models/operations/paymentsactionresponse.md
  - docs/sdk/models/operations/paymentsupdaterequest.md
  - docs/sdk/models/operations/paymentsupdateresponse.md
  - docs/sdk/models/operations/oauthgettokenresponse.md
  - docs/sdk/models/operations/testingaccountcreatesecurity.md
  - docs/sdk/models/operations/testingaccountcreaterequest.md
  - docs/sdk/models/operations/testingaccountcreateresponse.md
  - docs/sdk/models/operations/testingcreditcardgetsecurity.md
  - docs/sdk/models/operations/testingcreditcardgetresponse.md
  - docs/sdk/models/shared/countrycode.md
  - docs/sdk/models/shared/addresslisting.md
  - docs/sdk/models/shared/addresslistinginput.md
  - docs/sdk/models/shared/identifiertype.md
  - docs/sdk/models/shared/identifier.md
  - docs/sdk/models/shared/account.md
  - docs/sdk/models/shared/profile.md
  - docs/sdk/models/shared/guestpaymentinitializerequest.md
  - docs/sdk/models/shared/profilecreationdata.md
  - docs/sdk/models/shared/cart.md
  - docs/sdk/models/shared/currency.md
  - docs/sdk/models/shared/amount.md
  - docs/sdk/models/shared/cartshipment.md
  - docs/sdk/models/shared/cartitem.md
  - docs/sdk/models/shared/cartdiscount.md
  - docs/sdk/models/shared/dottag.md
  - docs/sdk/models/shared/paymentactionrequest.md
  - docs/sdk/models/shared/paymentupdaterequest.md
  - docs/sdk/models/shared/paymentinitializerequest.md
  - docs/sdk/models/shared/refreshtokenscope.md
  - docs/sdk/models/shared/getaccesstokenresponsescope.md
  - docs/sdk/models/shared/getaccesstokenresponse.md
  - docs/sdk/models/shared/granttype.md
  - docs/sdk/models/shared/scope.md
  - docs/sdk/models/shared/getaccesstokenrequest.md
  - docs/sdk/models/shared/emailstate.md
  - docs/sdk/models/shared/phonestate.md
  - docs/sdk/models/shared/accounttestcreationdataoutput.md
  - docs/sdk/models/shared/accounttestcreationdata.md
  - docs/sdk/models/shared/network.md
  - docs/sdk/models/shared/testcreditcard.md
  - docs/sdk/models/shared/security.md
  - docs/sdk/models/errors/dottag.md
  - docs/sdk/models/errors/errort.md
  - docs/sdks/testbolt/README.md
  - docs/sdks/account/README.md
  - docs/sdks/payments/README.md
  - docs/sdks/guest/README.md
  - docs/sdks/loggedin/README.md
  - docs/sdks/oauth/README.md
  - docs/sdks/testing/README.md
  - USAGE.md
  - .gitattributes
